
Microsoft Visual Studio Solution File, Format Version 12.00
# Visual Studio Version 17
VisualStudioVersion = 17.7.34221.43
MinimumVisualStudioVersion = 10.0.40219.1
Project("{FAE04EC0-301F-11D3-BF4B-00C04F79EFBC}") = "Task22_1", "Task22_1\Task22_1.csproj", "{7041430B-51D5-4E8D-AE2D-76502B198AF2}"
EndProject
Global
	GlobalSection(SolutionConfigurationPlatforms) = preSolution
		Debug|Any CPU = Debug|Any CPU
		Release|Any CPU = Release|Any CPU
	EndGlobalSection
	GlobalSection(ProjectConfigurationPlatforms) = postSolution
		{7041430B-51D5-4E8D-AE2D-76502B198AF2}.Debug|Any CPU.ActiveCfg = Debug|Any CPU
		{7041430B-51D5-4E8D-AE2D-76502B198AF2}.Debug|Any CPU.Build.0 = Debug|Any CPU
		{7041430B-51D5-4E8D-AE2D-76502B198AF2}.Release|Any CPU.ActiveCfg = Release|Any CPU
		{7041430B-51D5-4E8D-AE2D-76502B198AF2}.Release|Any CPU.Build.0 = Release|Any CPU
	EndGlobalSection
	GlobalSection(SolutionProperties) = preSolution
		HideSolutionNode = FALSE
	EndGlobalSection
	GlobalSection(ExtensibilityGlobals) = postSolution
		SolutionGuid = {381D4D58-D6C0-4B01-A886-CCA98E7F1BC0}
	EndGlobalSection
EndGlobal
